
Microsoft Visual Studio Solution File, Format Version 12.00
# Visual Studio Version 17
VisualStudioVersion = 17.9.34723.18
MinimumVisualStudioVersion = 10.0.40219.1
Project("{2150E333-8FDC-42A3-9474-1A3956D46DE8}") = "1 -Presetation", "1 -Presetation", "{777C6F1B-A7A7-4AA5-A5A4-DF5605F0D699}"
EndProject
Project("{2150E333-8FDC-42A3-9474-1A3956D46DE8}") = "2 - Services", "2 - Services", "{8B6583DF-8A88-4819-A9D8-5B83DB359659}"
EndProject
Project("{2150E333-8FDC-42A3-9474-1A3956D46DE8}") = "3 - Application", "3 - Application", "{1DC55EAC-FC63-446B-AD7E-D815804446F3}"
EndProject
Project("{2150E333-8FDC-42A3-9474-1A3956D46DE8}") = "4- Domain", "4- Domain", "{7DDD4242-7015-4040-926B-23D4C0D9528E}"
EndProject
Project("{2150E333-8FDC-42A3-9474-1A3956D46DE8}") = "5 - Infra", "5 - Infra", "{640DAC5C-92B6-44E5-B798-932D94A94E00}"
EndProject
Project("{9A19103F-16F7-4668-BE54-9A1E7A4F7556}") = "PersonalFinances.Domain", "src\PersonalFinances.Domain\PersonalFinances.Domain.csproj", "{4A3876BA-66BE-4655-9E98-A4EF171FAADF}"
	ProjectSection(ProjectDependencies) = postProject
		{733614B7-1F95-4181-B849-2040A10A5D21} = {733614B7-1F95-4181-B849-2040A10A5D21}
	EndProjectSection
EndProject
Project("{9A19103F-16F7-4668-BE54-9A1E7A4F7556}") = "PersonalFincances.Domain.Core", "src\PersonalFincances.Domain.Core\PersonalFincances.Domain.Core.csproj", "{733614B7-1F95-4181-B849-2040A10A5D21}"
EndProject
Project("{2150E333-8FDC-42A3-9474-1A3956D46DE8}") = "1.1 WebApi", "1.1 WebApi", "{66326C1D-FF15-4660-892A-96CBA284BEF7}"
EndProject
Project("{9A19103F-16F7-4668-BE54-9A1E7A4F7556}") = "PersonalFincances.Presentation.WebApi", "src\PersonalFincances.Presentation.WebApi\PersonalFincances.Presentation.WebApi.csproj", "{25B543CC-241D-4427-82E7-F4CD54EC271E}"
	ProjectSection(ProjectDependencies) = postProject
		{2B90D6D3-5440-4036-9EAD-E8BEFBC65B15} = {2B90D6D3-5440-4036-9EAD-E8BEFBC65B15}
		{A3595AA7-F7E6-4B4C-9009-A4BAA75835B3} = {A3595AA7-F7E6-4B4C-9009-A4BAA75835B3}
	EndProjectSection
EndProject
Project("{2150E333-8FDC-42A3-9474-1A3956D46DE8}") = "5.2 CrossCutting", "5.2 CrossCutting", "{763B9E0C-81A5-43D5-9721-7BE8993EDA51}"
EndProject
Project("{9A19103F-16F7-4668-BE54-9A1E7A4F7556}") = "PersonalFinances.Infra.CrossCutting.Bus", "src\PersonalFinances.Infra.CrossCutting\PersonalFinances.Infra.CrossCutting.Bus.csproj", "{349B2C92-4E0C-4B04-B3EF-5CC5D3652B59}"
	ProjectSection(ProjectDependencies) = postProject
		{733614B7-1F95-4181-B849-2040A10A5D21} = {733614B7-1F95-4181-B849-2040A10A5D21}
	EndProjectSection
EndProject
Project("{9A19103F-16F7-4668-BE54-9A1E7A4F7556}") = "PersonalFinances.Infra.Data", "src\PersonalFinances.Infra.Data\PersonalFinances.Infra.Data.csproj", "{2B90D6D3-5440-4036-9EAD-E8BEFBC65B15}"
	ProjectSection(ProjectDependencies) = postProject
		{4A3876BA-66BE-4655-9E98-A4EF171FAADF} = {4A3876BA-66BE-4655-9E98-A4EF171FAADF}
		{733614B7-1F95-4181-B849-2040A10A5D21} = {733614B7-1F95-4181-B849-2040A10A5D21}
	EndProjectSection
EndProject
Project("{2150E333-8FDC-42A3-9474-1A3956D46DE8}") = "5.1 Data", "5.1 Data", "{7ABC4011-0548-4EAC-A0F6-068DD100C6CB}"
EndProject
Project("{9A19103F-16F7-4668-BE54-9A1E7A4F7556}") = "PersonalFinances.Infra.CrossCutting.IoC", "src\PersonalFinances.Infra.CrossCutting.IoC\PersonalFinances.Infra.CrossCutting.IoC.csproj", "{8CE22BED-6E86-4682-B40F-E7314F7C3DB0}"
EndProject
Project("{2150E333-8FDC-42A3-9474-1A3956D46DE8}") = "Tests", "Tests", "{E0EDB109-9679-4732-94D6-99754AFF3A58}"
EndProject
Project("{9A19103F-16F7-4668-BE54-9A1E7A4F7556}") = "PersonalFincances.Tests", "tests\PersonalFinances.DomainTests\PersonalFincances.Tests.csproj", "{599BDE98-1B39-42DE-86E1-7F8F28B0B120}"
	ProjectSection(ProjectDependencies) = postProject
		{25B543CC-241D-4427-82E7-F4CD54EC271E} = {25B543CC-241D-4427-82E7-F4CD54EC271E}
		{2B90D6D3-5440-4036-9EAD-E8BEFBC65B15} = {2B90D6D3-5440-4036-9EAD-E8BEFBC65B15}
		{349B2C92-4E0C-4B04-B3EF-5CC5D3652B59} = {349B2C92-4E0C-4B04-B3EF-5CC5D3652B59}
		{4A3876BA-66BE-4655-9E98-A4EF171FAADF} = {4A3876BA-66BE-4655-9E98-A4EF171FAADF}
		{733614B7-1F95-4181-B849-2040A10A5D21} = {733614B7-1F95-4181-B849-2040A10A5D21}
	EndProjectSection
EndProject
Project("{9A19103F-16F7-4668-BE54-9A1E7A4F7556}") = "PersonalFinances.Services", "src\PersonalFinances.Services\PersonalFinances.Services.csproj", "{A3595AA7-F7E6-4B4C-9009-A4BAA75835B3}"
	ProjectSection(ProjectDependencies) = postProject
		{4A3876BA-66BE-4655-9E98-A4EF171FAADF} = {4A3876BA-66BE-4655-9E98-A4EF171FAADF}
	EndProjectSection
EndProject
Project("{9A19103F-16F7-4668-BE54-9A1E7A4F7556}") = "PersonalFinances.Application", "src\PersonalFincances.Application\PersonalFinances.Application.csproj", "{38FB3360-64C2-4191-B026-C999EB99798B}"
EndProject
Global
	GlobalSection(SolutionConfigurationPlatforms) = preSolution
		Debug|Any CPU = Debug|Any CPU
		Release|Any CPU = Release|Any CPU
	EndGlobalSection
	GlobalSection(ProjectConfigurationPlatforms) = postSolution
		{4A3876BA-66BE-4655-9E98-A4EF171FAADF}.Debug|Any CPU.ActiveCfg = Debug|Any CPU
		{4A3876BA-66BE-4655-9E98-A4EF171FAADF}.Debug|Any CPU.Build.0 = Debug|Any CPU
		{4A3876BA-66BE-4655-9E98-A4EF171FAADF}.Release|Any CPU.ActiveCfg = Release|Any CPU
		{4A3876BA-66BE-4655-9E98-A4EF171FAADF}.Release|Any CPU.Build.0 = Release|Any CPU
		{733614B7-1F95-4181-B849-2040A10A5D21}.Debug|Any CPU.ActiveCfg = Debug|Any CPU
		{733614B7-1F95-4181-B849-2040A10A5D21}.Debug|Any CPU.Build.0 = Debug|Any CPU
		{733614B7-1F95-4181-B849-2040A10A5D21}.Release|Any CPU.ActiveCfg = Release|Any CPU
		{733614B7-1F95-4181-B849-2040A10A5D21}.Release|Any CPU.Build.0 = Release|Any CPU
		{25B543CC-241D-4427-82E7-F4CD54EC271E}.Debug|Any CPU.ActiveCfg = Debug|Any CPU
		{25B543CC-241D-4427-82E7-F4CD54EC271E}.Debug|Any CPU.Build.0 = Debug|Any CPU
		{25B543CC-241D-4427-82E7-F4CD54EC271E}.Release|Any CPU.ActiveCfg = Release|Any CPU
		{25B543CC-241D-4427-82E7-F4CD54EC271E}.Release|Any CPU.Build.0 = Release|Any CPU
		{349B2C92-4E0C-4B04-B3EF-5CC5D3652B59}.Debug|Any CPU.ActiveCfg = Debug|Any CPU
		{349B2C92-4E0C-4B04-B3EF-5CC5D3652B59}.Debug|Any CPU.Build.0 = Debug|Any CPU
		{349B2C92-4E0C-4B04-B3EF-5CC5D3652B59}.Release|Any CPU.ActiveCfg = Release|Any CPU
		{349B2C92-4E0C-4B04-B3EF-5CC5D3652B59}.Release|Any CPU.Build.0 = Release|Any CPU
		{2B90D6D3-5440-4036-9EAD-E8BEFBC65B15}.Debug|Any CPU.ActiveCfg = Debug|Any CPU
		{2B90D6D3-5440-4036-9EAD-E8BEFBC65B15}.Debug|Any CPU.Build.0 = Debug|Any CPU
		{2B90D6D3-5440-4036-9EAD-E8BEFBC65B15}.Release|Any CPU.ActiveCfg = Release|Any CPU
		{2B90D6D3-5440-4036-9EAD-E8BEFBC65B15}.Release|Any CPU.Build.0 = Release|Any CPU
		{8CE22BED-6E86-4682-B40F-E7314F7C3DB0}.Debug|Any CPU.ActiveCfg = Debug|Any CPU
		{8CE22BED-6E86-4682-B40F-E7314F7C3DB0}.Debug|Any CPU.Build.0 = Debug|Any CPU
		{8CE22BED-6E86-4682-B40F-E7314F7C3DB0}.Release|Any CPU.ActiveCfg = Release|Any CPU
		{8CE22BED-6E86-4682-B40F-E7314F7C3DB0}.Release|Any CPU.Build.0 = Release|Any CPU
		{599BDE98-1B39-42DE-86E1-7F8F28B0B120}.Debug|Any CPU.ActiveCfg = Debug|Any CPU
		{599BDE98-1B39-42DE-86E1-7F8F28B0B120}.Debug|Any CPU.Build.0 = Debug|Any CPU
		{599BDE98-1B39-42DE-86E1-7F8F28B0B120}.Release|Any CPU.ActiveCfg = Release|Any CPU
		{599BDE98-1B39-42DE-86E1-7F8F28B0B120}.Release|Any CPU.Build.0 = Release|Any CPU
		{A3595AA7-F7E6-4B4C-9009-A4BAA75835B3}.Debug|Any CPU.ActiveCfg = Debug|Any CPU
		{A3595AA7-F7E6-4B4C-9009-A4BAA75835B3}.Debug|Any CPU.Build.0 = Debug|Any CPU
		{A3595AA7-F7E6-4B4C-9009-A4BAA75835B3}.Release|Any CPU.ActiveCfg = Release|Any CPU
		{A3595AA7-F7E6-4B4C-9009-A4BAA75835B3}.Release|Any CPU.Build.0 = Release|Any CPU
		{38FB3360-64C2-4191-B026-C999EB99798B}.Debug|Any CPU.ActiveCfg = Debug|Any CPU
		{38FB3360-64C2-4191-B026-C999EB99798B}.Debug|Any CPU.Build.0 = Debug|Any CPU
		{38FB3360-64C2-4191-B026-C999EB99798B}.Release|Any CPU.ActiveCfg = Release|Any CPU
		{38FB3360-64C2-4191-B026-C999EB99798B}.Release|Any CPU.Build.0 = Release|Any CPU
	EndGlobalSection
	GlobalSection(SolutionProperties) = preSolution
		HideSolutionNode = FALSE
	EndGlobalSection
	GlobalSection(NestedProjects) = preSolution
		{4A3876BA-66BE-4655-9E98-A4EF171FAADF} = {7DDD4242-7015-4040-926B-23D4C0D9528E}
		{733614B7-1F95-4181-B849-2040A10A5D21} = {640DAC5C-92B6-44E5-B798-932D94A94E00}
		{66326C1D-FF15-4660-892A-96CBA284BEF7} = {777C6F1B-A7A7-4AA5-A5A4-DF5605F0D699}
		{25B543CC-241D-4427-82E7-F4CD54EC271E} = {66326C1D-FF15-4660-892A-96CBA284BEF7}
		{763B9E0C-81A5-43D5-9721-7BE8993EDA51} = {640DAC5C-92B6-44E5-B798-932D94A94E00}
		{349B2C92-4E0C-4B04-B3EF-5CC5D3652B59} = {763B9E0C-81A5-43D5-9721-7BE8993EDA51}
		{2B90D6D3-5440-4036-9EAD-E8BEFBC65B15} = {7ABC4011-0548-4EAC-A0F6-068DD100C6CB}
		{7ABC4011-0548-4EAC-A0F6-068DD100C6CB} = {640DAC5C-92B6-44E5-B798-932D94A94E00}
		{8CE22BED-6E86-4682-B40F-E7314F7C3DB0} = {763B9E0C-81A5-43D5-9721-7BE8993EDA51}
		{599BDE98-1B39-42DE-86E1-7F8F28B0B120} = {E0EDB109-9679-4732-94D6-99754AFF3A58}
		{A3595AA7-F7E6-4B4C-9009-A4BAA75835B3} = {8B6583DF-8A88-4819-A9D8-5B83DB359659}
		{38FB3360-64C2-4191-B026-C999EB99798B} = {1DC55EAC-FC63-446B-AD7E-D815804446F3}
	EndGlobalSection
	GlobalSection(ExtensibilityGlobals) = postSolution
		SolutionGuid = {82402FA9-44DC-41B7-8731-7920B53BA95B}
	EndGlobalSection
EndGlobal
